
Microsoft Visual Studio Solution File, Format Version 12.00
# Visual Studio Version 16
VisualStudioVersion = 16.0.29306.81
MinimumVisualStudioVersion = 10.0.40219.1
Project("{FAE04EC0-301F-11D3-BF4B-00C04F79EFBC}") = "04-notepad", "04-notepad\04-notepad.csproj", "{CB2A1C7D-29BD-4566-8255-4497730B8738}"
EndProject
Project("{FAE04EC0-301F-11D3-BF4B-00C04F79EFBC}") = "02-counter", "02-counter\02-counter.csproj", "{BF742DC8-7A51-4EAF-97A6-123102F1C076}"
EndProject
Project("{FAE04EC0-301F-11D3-BF4B-00C04F79EFBC}") = "03-chrome-array", "03-chrome-array\03-chrome-array.csproj", "{04BA2034-8CC5-47E4-A56D-20579926C03C}"
EndProject
Project("{FAE04EC0-301F-11D3-BF4B-00C04F79EFBC}") = "01-chrome-basics", "01-chrome-basics\01-chrome-basics.csproj", "{BDDCE51A-A7F8-4431-B3A8-887DD4B15301}"
EndProject
Project("{FAE04EC0-301F-11D3-BF4B-00C04F79EFBC}") = "05-event_binding", "05-event_binding\05-event_binding.csproj", "{ED542B1E-3286-4E63-9546-AA9CC1834BEF}"
EndProject
Global
	GlobalSection(SolutionConfigurationPlatforms) = preSolution
		Debug|Any CPU = Debug|Any CPU
		Release|Any CPU = Release|Any CPU
	EndGlobalSection
	GlobalSection(ProjectConfigurationPlatforms) = postSolution
		{CB2A1C7D-29BD-4566-8255-4497730B8738}.Debug|Any CPU.ActiveCfg = Debug|Any CPU
		{CB2A1C7D-29BD-4566-8255-4497730B8738}.Debug|Any CPU.Build.0 = Debug|Any CPU
		{CB2A1C7D-29BD-4566-8255-4497730B8738}.Release|Any CPU.ActiveCfg = Release|Any CPU
		{CB2A1C7D-29BD-4566-8255-4497730B8738}.Release|Any CPU.Build.0 = Release|Any CPU
		{BF742DC8-7A51-4EAF-97A6-123102F1C076}.Debug|Any CPU.ActiveCfg = Debug|Any CPU
		{BF742DC8-7A51-4EAF-97A6-123102F1C076}.Debug|Any CPU.Build.0 = Debug|Any CPU
		{BF742DC8-7A51-4EAF-97A6-123102F1C076}.Release|Any CPU.ActiveCfg = Release|Any CPU
		{BF742DC8-7A51-4EAF-97A6-123102F1C076}.Release|Any CPU.Build.0 = Release|Any CPU
		{04BA2034-8CC5-47E4-A56D-20579926C03C}.Debug|Any CPU.ActiveCfg = Debug|Any CPU
		{04BA2034-8CC5-47E4-A56D-20579926C03C}.Debug|Any CPU.Build.0 = Debug|Any CPU
		{04BA2034-8CC5-47E4-A56D-20579926C03C}.Release|Any CPU.ActiveCfg = Release|Any CPU
		{04BA2034-8CC5-47E4-A56D-20579926C03C}.Release|Any CPU.Build.0 = Release|Any CPU
		{BDDCE51A-A7F8-4431-B3A8-887DD4B15301}.Debug|Any CPU.ActiveCfg = Debug|Any CPU
		{BDDCE51A-A7F8-4431-B3A8-887DD4B15301}.Debug|Any CPU.Build.0 = Debug|Any CPU
		{BDDCE51A-A7F8-4431-B3A8-887DD4B15301}.Release|Any CPU.ActiveCfg = Release|Any CPU
		{BDDCE51A-A7F8-4431-B3A8-887DD4B15301}.Release|Any CPU.Build.0 = Release|Any CPU
		{ED542B1E-3286-4E63-9546-AA9CC1834BEF}.Debug|Any CPU.ActiveCfg = Debug|Any CPU
		{ED542B1E-3286-4E63-9546-AA9CC1834BEF}.Debug|Any CPU.Build.0 = Debug|Any CPU
		{ED542B1E-3286-4E63-9546-AA9CC1834BEF}.Release|Any CPU.ActiveCfg = Release|Any CPU
		{ED542B1E-3286-4E63-9546-AA9CC1834BEF}.Release|Any CPU.Build.0 = Release|Any CPU
	EndGlobalSection
	GlobalSection(SolutionProperties) = preSolution
		HideSolutionNode = FALSE
	EndGlobalSection
	GlobalSection(ExtensibilityGlobals) = postSolution
		SolutionGuid = {1B96281A-2564-4F58-BA0C-516D0A50A24F}
	EndGlobalSection
EndGlobal
