
Microsoft Visual Studio Solution File, Format Version 12.00
# Visual Studio Version 16
VisualStudioVersion = 16.0.31702.278
MinimumVisualStudioVersion = 10.0.40219.1
Project("{9A19103F-16F7-4668-BE54-9A1E7A4F7556}") = "BlogSystem.Data", "BlogSystem.Data\BlogSystem.Data.csproj", "{301A9D48-2975-4D27-8C4E-D6B8F96C2EB5}"
EndProject
Project("{FAE04EC0-301F-11D3-BF4B-00C04F79EFBC}") = "BlogSystem.Repository", "BlogSystem.Repository\BlogSystem.Repository.csproj", "{7D21D73E-FA0B-4A2A-95BC-B614B6AD0FF8}"
EndProject
Project("{FAE04EC0-301F-11D3-BF4B-00C04F79EFBC}") = "BlogSystem.Logic", "BlogSystem.Logic\BlogSystem.Logic.csproj", "{DF509469-8031-4581-B065-23C47AFC2E15}"
EndProject
Project("{FAE04EC0-301F-11D3-BF4B-00C04F79EFBC}") = "BlogSystem.Tests", "BlogSystem.Tests\BlogSystem.Tests.csproj", "{2D8E18EF-CFC4-4879-A3EA-37E7F7EEB01B}"
EndProject
Project("{FAE04EC0-301F-11D3-BF4B-00C04F79EFBC}") = "BlogSystem.Client", "BlogSystem.Client\BlogSystem.Client.csproj", "{58B37DC5-2BB3-4F56-BA9B-CF87588EFDCB}"
EndProject
Global
	GlobalSection(SolutionConfigurationPlatforms) = preSolution
		Debug|Any CPU = Debug|Any CPU
		Release|Any CPU = Release|Any CPU
	EndGlobalSection
	GlobalSection(ProjectConfigurationPlatforms) = postSolution
		{301A9D48-2975-4D27-8C4E-D6B8F96C2EB5}.Debug|Any CPU.ActiveCfg = Debug|Any CPU
		{301A9D48-2975-4D27-8C4E-D6B8F96C2EB5}.Debug|Any CPU.Build.0 = Debug|Any CPU
		{301A9D48-2975-4D27-8C4E-D6B8F96C2EB5}.Release|Any CPU.ActiveCfg = Release|Any CPU
		{301A9D48-2975-4D27-8C4E-D6B8F96C2EB5}.Release|Any CPU.Build.0 = Release|Any CPU
		{7D21D73E-FA0B-4A2A-95BC-B614B6AD0FF8}.Debug|Any CPU.ActiveCfg = Debug|Any CPU
		{7D21D73E-FA0B-4A2A-95BC-B614B6AD0FF8}.Debug|Any CPU.Build.0 = Debug|Any CPU
		{7D21D73E-FA0B-4A2A-95BC-B614B6AD0FF8}.Release|Any CPU.ActiveCfg = Release|Any CPU
		{7D21D73E-FA0B-4A2A-95BC-B614B6AD0FF8}.Release|Any CPU.Build.0 = Release|Any CPU
		{DF509469-8031-4581-B065-23C47AFC2E15}.Debug|Any CPU.ActiveCfg = Debug|Any CPU
		{DF509469-8031-4581-B065-23C47AFC2E15}.Debug|Any CPU.Build.0 = Debug|Any CPU
		{DF509469-8031-4581-B065-23C47AFC2E15}.Release|Any CPU.ActiveCfg = Release|Any CPU
		{DF509469-8031-4581-B065-23C47AFC2E15}.Release|Any CPU.Build.0 = Release|Any CPU
		{2D8E18EF-CFC4-4879-A3EA-37E7F7EEB01B}.Debug|Any CPU.ActiveCfg = Debug|Any CPU
		{2D8E18EF-CFC4-4879-A3EA-37E7F7EEB01B}.Debug|Any CPU.Build.0 = Debug|Any CPU
		{2D8E18EF-CFC4-4879-A3EA-37E7F7EEB01B}.Release|Any CPU.ActiveCfg = Release|Any CPU
		{2D8E18EF-CFC4-4879-A3EA-37E7F7EEB01B}.Release|Any CPU.Build.0 = Release|Any CPU
		{58B37DC5-2BB3-4F56-BA9B-CF87588EFDCB}.Debug|Any CPU.ActiveCfg = Debug|Any CPU
		{58B37DC5-2BB3-4F56-BA9B-CF87588EFDCB}.Debug|Any CPU.Build.0 = Debug|Any CPU
		{58B37DC5-2BB3-4F56-BA9B-CF87588EFDCB}.Release|Any CPU.ActiveCfg = Release|Any CPU
		{58B37DC5-2BB3-4F56-BA9B-CF87588EFDCB}.Release|Any CPU.Build.0 = Release|Any CPU
	EndGlobalSection
	GlobalSection(SolutionProperties) = preSolution
		HideSolutionNode = FALSE
	EndGlobalSection
	GlobalSection(ExtensibilityGlobals) = postSolution
		SolutionGuid = {D0C71F25-ECB3-479A-8EFE-841B5CF4C7A4}
	EndGlobalSection
EndGlobal
