
Microsoft Visual Studio Solution File, Format Version 12.00
# Visual Studio Version 16
VisualStudioVersion = 16.0.29009.5
MinimumVisualStudioVersion = 10.0.40219.1
Project("{FAE04EC0-301F-11D3-BF4B-00C04F79EFBC}") = "attributum", "attributum\attributum.csproj", "{6053FE88-834D-4DBB-928A-DFB3361CE99F}"
EndProject
Global
	GlobalSection(SolutionConfigurationPlatforms) = preSolution
		Debug|Any CPU = Debug|Any CPU
		Release|Any CPU = Release|Any CPU
	EndGlobalSection
	GlobalSection(ProjectConfigurationPlatforms) = postSolution
		{6053FE88-834D-4DBB-928A-DFB3361CE99F}.Debug|Any CPU.ActiveCfg = Debug|Any CPU
		{6053FE88-834D-4DBB-928A-DFB3361CE99F}.Debug|Any CPU.Build.0 = Debug|Any CPU
		{6053FE88-834D-4DBB-928A-DFB3361CE99F}.Release|Any CPU.ActiveCfg = Release|Any CPU
		{6053FE88-834D-4DBB-928A-DFB3361CE99F}.Release|Any CPU.Build.0 = Release|Any CPU
	EndGlobalSection
	GlobalSection(SolutionProperties) = preSolution
		HideSolutionNode = FALSE
	EndGlobalSection
	GlobalSection(ExtensibilityGlobals) = postSolution
		SolutionGuid = {BAFCCE1E-8B04-4773-BE8D-875045FF701C}
	EndGlobalSection
EndGlobal
