
Microsoft Visual Studio Solution File, Format Version 12.00
# Visual Studio Version 17
VisualStudioVersion = 17.8.34525.116
MinimumVisualStudioVersion = 10.0.40219.1
Project("{FAE04EC0-301F-11D3-BF4B-00C04F79EFBC}") = "01-LINQ-01", "01-LINQ-01\01-LINQ-01.csproj", "{D6E3A173-8609-4C73-BB6E-BF94C899CF8F}"
EndProject
Project("{FAE04EC0-301F-11D3-BF4B-00C04F79EFBC}") = "02-LINQ-02", "02-LINQ-02\02-LINQ-02.csproj", "{76A6668C-1AC7-4DEE-8FE8-80B55B3C152B}"
EndProject
Project("{FAE04EC0-301F-11D3-BF4B-00C04F79EFBC}") = "03-LINQ-03", "03-LINQ-03\03-LINQ-03.csproj", "{1C2FE4A0-4414-48BD-95BE-27590794C76C}"
EndProject
Global
	GlobalSection(SolutionConfigurationPlatforms) = preSolution
		Debug|Any CPU = Debug|Any CPU
		Release|Any CPU = Release|Any CPU
	EndGlobalSection
	GlobalSection(ProjectConfigurationPlatforms) = postSolution
		{D6E3A173-8609-4C73-BB6E-BF94C899CF8F}.Debug|Any CPU.ActiveCfg = Debug|Any CPU
		{D6E3A173-8609-4C73-BB6E-BF94C899CF8F}.Debug|Any CPU.Build.0 = Debug|Any CPU
		{D6E3A173-8609-4C73-BB6E-BF94C899CF8F}.Release|Any CPU.ActiveCfg = Release|Any CPU
		{D6E3A173-8609-4C73-BB6E-BF94C899CF8F}.Release|Any CPU.Build.0 = Release|Any CPU
		{76A6668C-1AC7-4DEE-8FE8-80B55B3C152B}.Debug|Any CPU.ActiveCfg = Debug|Any CPU
		{76A6668C-1AC7-4DEE-8FE8-80B55B3C152B}.Debug|Any CPU.Build.0 = Debug|Any CPU
		{76A6668C-1AC7-4DEE-8FE8-80B55B3C152B}.Release|Any CPU.ActiveCfg = Release|Any CPU
		{76A6668C-1AC7-4DEE-8FE8-80B55B3C152B}.Release|Any CPU.Build.0 = Release|Any CPU
		{1C2FE4A0-4414-48BD-95BE-27590794C76C}.Debug|Any CPU.ActiveCfg = Debug|Any CPU
		{1C2FE4A0-4414-48BD-95BE-27590794C76C}.Debug|Any CPU.Build.0 = Debug|Any CPU
		{1C2FE4A0-4414-48BD-95BE-27590794C76C}.Release|Any CPU.ActiveCfg = Release|Any CPU
		{1C2FE4A0-4414-48BD-95BE-27590794C76C}.Release|Any CPU.Build.0 = Release|Any CPU
	EndGlobalSection
	GlobalSection(SolutionProperties) = preSolution
		HideSolutionNode = FALSE
	EndGlobalSection
	GlobalSection(ExtensibilityGlobals) = postSolution
		SolutionGuid = {E2D8B572-A5FA-4FA6-9775-4634C3079EE7}
	EndGlobalSection
EndGlobal
