
Microsoft Visual Studio Solution File, Format Version 12.00
# Visual Studio Version 16
VisualStudioVersion = 16.0.29306.81
MinimumVisualStudioVersion = 10.0.40219.1
Project("{FAE04EC0-301F-11D3-BF4B-00C04F79EFBC}") = "01-lock", "01-lock\01-lock.csproj", "{700A2CF4-A719-4483-B4C8-8F91E214F98D}"
EndProject
Global
	GlobalSection(SolutionConfigurationPlatforms) = preSolution
		Debug|Any CPU = Debug|Any CPU
		Release|Any CPU = Release|Any CPU
	EndGlobalSection
	GlobalSection(ProjectConfigurationPlatforms) = postSolution
		{700A2CF4-A719-4483-B4C8-8F91E214F98D}.Debug|Any CPU.ActiveCfg = Debug|Any CPU
		{700A2CF4-A719-4483-B4C8-8F91E214F98D}.Debug|Any CPU.Build.0 = Debug|Any CPU
		{700A2CF4-A719-4483-B4C8-8F91E214F98D}.Release|Any CPU.ActiveCfg = Release|Any CPU
		{700A2CF4-A719-4483-B4C8-8F91E214F98D}.Release|Any CPU.Build.0 = Release|Any CPU
	EndGlobalSection
	GlobalSection(SolutionProperties) = preSolution
		HideSolutionNode = FALSE
	EndGlobalSection
	GlobalSection(ExtensibilityGlobals) = postSolution
		SolutionGuid = {956B879E-A5C7-4E7A-87A6-053D46B99F3B}
	EndGlobalSection
EndGlobal
