
Microsoft Visual Studio Solution File, Format Version 12.00
# Visual Studio Version 16
VisualStudioVersion = 16.0.29306.81
MinimumVisualStudioVersion = 10.0.40219.1
Project("{FAE04EC0-301F-11D3-BF4B-00C04F79EFBC}") = "bstree", "bstree\bstree.csproj", "{62F584C7-D57C-4E2E-A3F3-E30118DDB9BE}"
EndProject
Global
	GlobalSection(SolutionConfigurationPlatforms) = preSolution
		Debug|Any CPU = Debug|Any CPU
		Release|Any CPU = Release|Any CPU
	EndGlobalSection
	GlobalSection(ProjectConfigurationPlatforms) = postSolution
		{62F584C7-D57C-4E2E-A3F3-E30118DDB9BE}.Debug|Any CPU.ActiveCfg = Debug|Any CPU
		{62F584C7-D57C-4E2E-A3F3-E30118DDB9BE}.Debug|Any CPU.Build.0 = Debug|Any CPU
		{62F584C7-D57C-4E2E-A3F3-E30118DDB9BE}.Release|Any CPU.ActiveCfg = Release|Any CPU
		{62F584C7-D57C-4E2E-A3F3-E30118DDB9BE}.Release|Any CPU.Build.0 = Release|Any CPU
	EndGlobalSection
	GlobalSection(SolutionProperties) = preSolution
		HideSolutionNode = FALSE
	EndGlobalSection
	GlobalSection(ExtensibilityGlobals) = postSolution
		SolutionGuid = {E640B554-1DE4-45CE-A1CC-3A4A49F90A6F}
	EndGlobalSection
EndGlobal
