
Microsoft Visual Studio Solution File, Format Version 12.00
# Visual Studio Version 16
VisualStudioVersion = 16.0.29009.5
MinimumVisualStudioVersion = 10.0.40219.1
Project("{FAE04EC0-301F-11D3-BF4B-00C04F79EFBC}") = "dbase", "dbase\dbase.csproj", "{5EF76B61-864F-4FC3-ABA7-758F129D1AD3}"
EndProject
Global
	GlobalSection(SolutionConfigurationPlatforms) = preSolution
		Debug|Any CPU = Debug|Any CPU
		Release|Any CPU = Release|Any CPU
	EndGlobalSection
	GlobalSection(ProjectConfigurationPlatforms) = postSolution
		{5EF76B61-864F-4FC3-ABA7-758F129D1AD3}.Debug|Any CPU.ActiveCfg = Debug|Any CPU
		{5EF76B61-864F-4FC3-ABA7-758F129D1AD3}.Debug|Any CPU.Build.0 = Debug|Any CPU
		{5EF76B61-864F-4FC3-ABA7-758F129D1AD3}.Release|Any CPU.ActiveCfg = Release|Any CPU
		{5EF76B61-864F-4FC3-ABA7-758F129D1AD3}.Release|Any CPU.Build.0 = Release|Any CPU
	EndGlobalSection
	GlobalSection(SolutionProperties) = preSolution
		HideSolutionNode = FALSE
	EndGlobalSection
	GlobalSection(ExtensibilityGlobals) = postSolution
		SolutionGuid = {793816F6-31A1-4A15-84E3-F6ACAB9E6A06}
	EndGlobalSection
EndGlobal
