
Microsoft Visual Studio Solution File, Format Version 12.00
# Visual Studio Version 16
VisualStudioVersion = 16.0.29306.81
MinimumVisualStudioVersion = 10.0.40219.1
Project("{FAE04EC0-301F-11D3-BF4B-00C04F79EFBC}") = "whp-esti-zh1", "whp-esti-zh1\whp-esti-zh1.csproj", "{2A79F2E6-18A3-4D84-84FC-2093FE5BE8FD}"
EndProject
Project("{FAE04EC0-301F-11D3-BF4B-00C04F79EFBC}") = "ConsoleLoggerLibrary", "ConsoleLoggerLibrary\ConsoleLoggerLibrary.csproj", "{63B023C2-9A35-406E-BD39-014B399CB17D}"
EndProject
Global
	GlobalSection(SolutionConfigurationPlatforms) = preSolution
		Debug|Any CPU = Debug|Any CPU
		Release|Any CPU = Release|Any CPU
	EndGlobalSection
	GlobalSection(ProjectConfigurationPlatforms) = postSolution
		{2A79F2E6-18A3-4D84-84FC-2093FE5BE8FD}.Debug|Any CPU.ActiveCfg = Debug|Any CPU
		{2A79F2E6-18A3-4D84-84FC-2093FE5BE8FD}.Debug|Any CPU.Build.0 = Debug|Any CPU
		{2A79F2E6-18A3-4D84-84FC-2093FE5BE8FD}.Release|Any CPU.ActiveCfg = Release|Any CPU
		{2A79F2E6-18A3-4D84-84FC-2093FE5BE8FD}.Release|Any CPU.Build.0 = Release|Any CPU
		{63B023C2-9A35-406E-BD39-014B399CB17D}.Debug|Any CPU.ActiveCfg = Debug|Any CPU
		{63B023C2-9A35-406E-BD39-014B399CB17D}.Debug|Any CPU.Build.0 = Debug|Any CPU
		{63B023C2-9A35-406E-BD39-014B399CB17D}.Release|Any CPU.ActiveCfg = Release|Any CPU
		{63B023C2-9A35-406E-BD39-014B399CB17D}.Release|Any CPU.Build.0 = Release|Any CPU
	EndGlobalSection
	GlobalSection(SolutionProperties) = preSolution
		HideSolutionNode = FALSE
	EndGlobalSection
	GlobalSection(ExtensibilityGlobals) = postSolution
		SolutionGuid = {5301EC69-73CF-45EB-9228-19556CC73DDC}
	EndGlobalSection
EndGlobal
