
Microsoft Visual Studio Solution File, Format Version 12.00
# Visual Studio Version 16
VisualStudioVersion = 16.0.29009.5
MinimumVisualStudioVersion = 10.0.40219.1
Project("{FAE04EC0-301F-11D3-BF4B-00C04F79EFBC}") = "mocking", "mocking\mocking.csproj", "{F756AC6A-6FC0-41F9-914E-407DD2EC19F7}"
EndProject
Global
	GlobalSection(SolutionConfigurationPlatforms) = preSolution
		Debug|Any CPU = Debug|Any CPU
		Release|Any CPU = Release|Any CPU
	EndGlobalSection
	GlobalSection(ProjectConfigurationPlatforms) = postSolution
		{F756AC6A-6FC0-41F9-914E-407DD2EC19F7}.Debug|Any CPU.ActiveCfg = Debug|Any CPU
		{F756AC6A-6FC0-41F9-914E-407DD2EC19F7}.Debug|Any CPU.Build.0 = Debug|Any CPU
		{F756AC6A-6FC0-41F9-914E-407DD2EC19F7}.Release|Any CPU.ActiveCfg = Release|Any CPU
		{F756AC6A-6FC0-41F9-914E-407DD2EC19F7}.Release|Any CPU.Build.0 = Release|Any CPU
	EndGlobalSection
	GlobalSection(SolutionProperties) = preSolution
		HideSolutionNode = FALSE
	EndGlobalSection
	GlobalSection(ExtensibilityGlobals) = postSolution
		SolutionGuid = {E9C5C62D-E0B3-4B6E-8F5F-128F139619F4}
	EndGlobalSection
EndGlobal
