
Microsoft Visual Studio Solution File, Format Version 12.00
# Visual Studio Version 17
VisualStudioVersion = 17.5.33414.496
MinimumVisualStudioVersion = 10.0.40219.1
Project("{FAE04EC0-301F-11D3-BF4B-00C04F79EFBC}") = "01-process", "01-process\01-process.csproj", "{4C67D38E-5532-4C23-88AB-30EFB0D27B5B}"
EndProject
Project("{FAE04EC0-301F-11D3-BF4B-00C04F79EFBC}") = "02-thread", "02-thread\02-thread.csproj", "{EEF4AC34-2158-47C9-98A4-EF994E27090A}"
EndProject
Project("{FAE04EC0-301F-11D3-BF4B-00C04F79EFBC}") = "03-thread-file-processor", "03-thread-file-processor\03-thread-file-processor.csproj", "{AF732918-975D-4B1F-BFD8-69B88A7B1E9E}"
EndProject
Project("{FAE04EC0-301F-11D3-BF4B-00C04F79EFBC}") = "04-task-file-processor", "04-task-file-processor\04-task-file-processor.csproj", "{CAA06374-ACD1-441C-AE7D-EA9951BAFF50}"
EndProject
Project("{FAE04EC0-301F-11D3-BF4B-00C04F79EFBC}") = "05-task-file-processor-with-returns", "05-task-file-processor-with-returns\05-task-file-processor-with-returns.csproj", "{A46653AF-C536-4FD5-8A3A-590B25D3E58D}"
EndProject
Global
	GlobalSection(SolutionConfigurationPlatforms) = preSolution
		Debug|Any CPU = Debug|Any CPU
		Release|Any CPU = Release|Any CPU
	EndGlobalSection
	GlobalSection(ProjectConfigurationPlatforms) = postSolution
		{4C67D38E-5532-4C23-88AB-30EFB0D27B5B}.Debug|Any CPU.ActiveCfg = Debug|Any CPU
		{4C67D38E-5532-4C23-88AB-30EFB0D27B5B}.Debug|Any CPU.Build.0 = Debug|Any CPU
		{4C67D38E-5532-4C23-88AB-30EFB0D27B5B}.Release|Any CPU.ActiveCfg = Release|Any CPU
		{4C67D38E-5532-4C23-88AB-30EFB0D27B5B}.Release|Any CPU.Build.0 = Release|Any CPU
		{EEF4AC34-2158-47C9-98A4-EF994E27090A}.Debug|Any CPU.ActiveCfg = Debug|Any CPU
		{EEF4AC34-2158-47C9-98A4-EF994E27090A}.Debug|Any CPU.Build.0 = Debug|Any CPU
		{EEF4AC34-2158-47C9-98A4-EF994E27090A}.Release|Any CPU.ActiveCfg = Release|Any CPU
		{EEF4AC34-2158-47C9-98A4-EF994E27090A}.Release|Any CPU.Build.0 = Release|Any CPU
		{AF732918-975D-4B1F-BFD8-69B88A7B1E9E}.Debug|Any CPU.ActiveCfg = Debug|Any CPU
		{AF732918-975D-4B1F-BFD8-69B88A7B1E9E}.Debug|Any CPU.Build.0 = Debug|Any CPU
		{AF732918-975D-4B1F-BFD8-69B88A7B1E9E}.Release|Any CPU.ActiveCfg = Release|Any CPU
		{AF732918-975D-4B1F-BFD8-69B88A7B1E9E}.Release|Any CPU.Build.0 = Release|Any CPU
		{CAA06374-ACD1-441C-AE7D-EA9951BAFF50}.Debug|Any CPU.ActiveCfg = Debug|Any CPU
		{CAA06374-ACD1-441C-AE7D-EA9951BAFF50}.Debug|Any CPU.Build.0 = Debug|Any CPU
		{CAA06374-ACD1-441C-AE7D-EA9951BAFF50}.Release|Any CPU.ActiveCfg = Release|Any CPU
		{CAA06374-ACD1-441C-AE7D-EA9951BAFF50}.Release|Any CPU.Build.0 = Release|Any CPU
		{A46653AF-C536-4FD5-8A3A-590B25D3E58D}.Debug|Any CPU.ActiveCfg = Debug|Any CPU
		{A46653AF-C536-4FD5-8A3A-590B25D3E58D}.Debug|Any CPU.Build.0 = Debug|Any CPU
		{A46653AF-C536-4FD5-8A3A-590B25D3E58D}.Release|Any CPU.ActiveCfg = Release|Any CPU
		{A46653AF-C536-4FD5-8A3A-590B25D3E58D}.Release|Any CPU.Build.0 = Release|Any CPU
	EndGlobalSection
	GlobalSection(SolutionProperties) = preSolution
		HideSolutionNode = FALSE
	EndGlobalSection
	GlobalSection(ExtensibilityGlobals) = postSolution
		SolutionGuid = {E105FD54-27C8-4EC9-AC2D-F6F5E0B35267}
	EndGlobalSection
EndGlobal
