
Microsoft Visual Studio Solution File, Format Version 12.00
# Visual Studio Version 16
VisualStudioVersion = 16.0.29009.5
MinimumVisualStudioVersion = 10.0.40219.1
Project("{FAE04EC0-301F-11D3-BF4B-00C04F79EFBC}") = "dllKezelo", "dllKezelo\dllKezelo.csproj", "{2FE39C7B-F4EA-4DDC-BEC1-74CB329F604C}"
EndProject
Global
	GlobalSection(SolutionConfigurationPlatforms) = preSolution
		Debug|Any CPU = Debug|Any CPU
		Release|Any CPU = Release|Any CPU
	EndGlobalSection
	GlobalSection(ProjectConfigurationPlatforms) = postSolution
		{2FE39C7B-F4EA-4DDC-BEC1-74CB329F604C}.Debug|Any CPU.ActiveCfg = Debug|Any CPU
		{2FE39C7B-F4EA-4DDC-BEC1-74CB329F604C}.Debug|Any CPU.Build.0 = Debug|Any CPU
		{2FE39C7B-F4EA-4DDC-BEC1-74CB329F604C}.Release|Any CPU.ActiveCfg = Release|Any CPU
		{2FE39C7B-F4EA-4DDC-BEC1-74CB329F604C}.Release|Any CPU.Build.0 = Release|Any CPU
	EndGlobalSection
	GlobalSection(SolutionProperties) = preSolution
		HideSolutionNode = FALSE
	EndGlobalSection
	GlobalSection(ExtensibilityGlobals) = postSolution
		SolutionGuid = {6EF8D545-E968-43BA-9E63-40969E61F3B1}
	EndGlobalSection
EndGlobal
