
Microsoft Visual Studio Solution File, Format Version 12.00
# Visual Studio Version 16
VisualStudioVersion = 16.0.29009.5
MinimumVisualStudioVersion = 10.0.40219.1
Project("{FAE04EC0-301F-11D3-BF4B-00C04F79EFBC}") = "reflexio_feladat", "reflexio_feladat\reflexio_feladat.csproj", "{CEDEFAF9-E5F8-4C14-BA44-C6C58B775D97}"
EndProject
Global
	GlobalSection(SolutionConfigurationPlatforms) = preSolution
		Debug|Any CPU = Debug|Any CPU
		Release|Any CPU = Release|Any CPU
	EndGlobalSection
	GlobalSection(ProjectConfigurationPlatforms) = postSolution
		{CEDEFAF9-E5F8-4C14-BA44-C6C58B775D97}.Debug|Any CPU.ActiveCfg = Debug|Any CPU
		{CEDEFAF9-E5F8-4C14-BA44-C6C58B775D97}.Debug|Any CPU.Build.0 = Debug|Any CPU
		{CEDEFAF9-E5F8-4C14-BA44-C6C58B775D97}.Release|Any CPU.ActiveCfg = Release|Any CPU
		{CEDEFAF9-E5F8-4C14-BA44-C6C58B775D97}.Release|Any CPU.Build.0 = Release|Any CPU
	EndGlobalSection
	GlobalSection(SolutionProperties) = preSolution
		HideSolutionNode = FALSE
	EndGlobalSection
	GlobalSection(ExtensibilityGlobals) = postSolution
		SolutionGuid = {83615AE5-2F9D-4BD3-B36C-3CC215390332}
	EndGlobalSection
EndGlobal
