
Microsoft Visual Studio Solution File, Format Version 12.00
# Visual Studio Version 16
VisualStudioVersion = 16.0.29318.209
MinimumVisualStudioVersion = 10.0.40219.1
Project("{FAE04EC0-301F-11D3-BF4B-00C04F79EFBC}") = "code-first-example", "code-first-example\code-first-example.csproj", "{5367909A-289C-402E-AF73-6CE3846AB9A8}"
EndProject
Global
	GlobalSection(SolutionConfigurationPlatforms) = preSolution
		Debug|Any CPU = Debug|Any CPU
		Release|Any CPU = Release|Any CPU
	EndGlobalSection
	GlobalSection(ProjectConfigurationPlatforms) = postSolution
		{5367909A-289C-402E-AF73-6CE3846AB9A8}.Debug|Any CPU.ActiveCfg = Debug|Any CPU
		{5367909A-289C-402E-AF73-6CE3846AB9A8}.Debug|Any CPU.Build.0 = Debug|Any CPU
		{5367909A-289C-402E-AF73-6CE3846AB9A8}.Release|Any CPU.ActiveCfg = Release|Any CPU
		{5367909A-289C-402E-AF73-6CE3846AB9A8}.Release|Any CPU.Build.0 = Release|Any CPU
	EndGlobalSection
	GlobalSection(SolutionProperties) = preSolution
		HideSolutionNode = FALSE
	EndGlobalSection
	GlobalSection(ExtensibilityGlobals) = postSolution
		SolutionGuid = {AD2701CB-CA4E-4B0A-AC6F-194888A5FCDC}
	EndGlobalSection
EndGlobal
