
Microsoft Visual Studio Solution File, Format Version 12.00
# Visual Studio Version 16
VisualStudioVersion = 16.0.29009.5
MinimumVisualStudioVersion = 10.0.40219.1
Project("{FAE04EC0-301F-11D3-BF4B-00C04F79EFBC}") = "unittesting", "unittesting\unittesting.csproj", "{F77A3CE2-B3BF-46F6-9A42-AA00B4BB61D6}"
EndProject
Global
	GlobalSection(SolutionConfigurationPlatforms) = preSolution
		Debug|Any CPU = Debug|Any CPU
		Release|Any CPU = Release|Any CPU
	EndGlobalSection
	GlobalSection(ProjectConfigurationPlatforms) = postSolution
		{F77A3CE2-B3BF-46F6-9A42-AA00B4BB61D6}.Debug|Any CPU.ActiveCfg = Debug|Any CPU
		{F77A3CE2-B3BF-46F6-9A42-AA00B4BB61D6}.Debug|Any CPU.Build.0 = Debug|Any CPU
		{F77A3CE2-B3BF-46F6-9A42-AA00B4BB61D6}.Release|Any CPU.ActiveCfg = Release|Any CPU
		{F77A3CE2-B3BF-46F6-9A42-AA00B4BB61D6}.Release|Any CPU.Build.0 = Release|Any CPU
	EndGlobalSection
	GlobalSection(SolutionProperties) = preSolution
		HideSolutionNode = FALSE
	EndGlobalSection
	GlobalSection(ExtensibilityGlobals) = postSolution
		SolutionGuid = {7D8DE31A-0AB9-484B-88D3-E14406749C54}
	EndGlobalSection
EndGlobal
