
Microsoft Visual Studio Solution File, Format Version 12.00
# Visual Studio Version 16
VisualStudioVersion = 16.0.29306.81
MinimumVisualStudioVersion = 10.0.40219.1
Project("{FAE04EC0-301F-11D3-BF4B-00C04F79EFBC}") = "LoggerLibrary", "LoggerLibrary\LoggerLibrary.csproj", "{17F90950-42B3-4CED-A51E-ABD41C046BF2}"
EndProject
Project("{FAE04EC0-301F-11D3-BF4B-00C04F79EFBC}") = "TXTLoggerLibrary", "TXTLoggerLibrary\TXTLoggerLibrary.csproj", "{29FFB77D-FE50-404B-8A49-056B4B9D47CC}"
EndProject
Global
	GlobalSection(SolutionConfigurationPlatforms) = preSolution
		Debug|Any CPU = Debug|Any CPU
		Release|Any CPU = Release|Any CPU
	EndGlobalSection
	GlobalSection(ProjectConfigurationPlatforms) = postSolution
		{17F90950-42B3-4CED-A51E-ABD41C046BF2}.Debug|Any CPU.ActiveCfg = Debug|Any CPU
		{17F90950-42B3-4CED-A51E-ABD41C046BF2}.Debug|Any CPU.Build.0 = Debug|Any CPU
		{17F90950-42B3-4CED-A51E-ABD41C046BF2}.Release|Any CPU.ActiveCfg = Release|Any CPU
		{17F90950-42B3-4CED-A51E-ABD41C046BF2}.Release|Any CPU.Build.0 = Release|Any CPU
		{29FFB77D-FE50-404B-8A49-056B4B9D47CC}.Debug|Any CPU.ActiveCfg = Debug|Any CPU
		{29FFB77D-FE50-404B-8A49-056B4B9D47CC}.Debug|Any CPU.Build.0 = Debug|Any CPU
		{29FFB77D-FE50-404B-8A49-056B4B9D47CC}.Release|Any CPU.ActiveCfg = Release|Any CPU
		{29FFB77D-FE50-404B-8A49-056B4B9D47CC}.Release|Any CPU.Build.0 = Release|Any CPU
	EndGlobalSection
	GlobalSection(SolutionProperties) = preSolution
		HideSolutionNode = FALSE
	EndGlobalSection
	GlobalSection(ExtensibilityGlobals) = postSolution
		SolutionGuid = {8A760D10-8F2E-4564-8AA3-2A41E64B39FD}
	EndGlobalSection
EndGlobal
