
Microsoft Visual Studio Solution File, Format Version 12.00
# Visual Studio Version 16
VisualStudioVersion = 16.0.29009.5
MinimumVisualStudioVersion = 10.0.40219.1
Project("{FAE04EC0-301F-11D3-BF4B-00C04F79EFBC}") = "unittesting", "unittesting\unittesting.csproj", "{F77A3CE2-B3BF-46F6-9A42-AA00B4BB61D6}"
EndProject
Project("{FAE04EC0-301F-11D3-BF4B-00C04F79EFBC}") = "CalculatorTesting", "CalculatorTesting\CalculatorTesting.csproj", "{F48CB722-0C96-4059-961D-45AFDF51432B}"
EndProject
Project("{FAE04EC0-301F-11D3-BF4B-00C04F79EFBC}") = "StudentTesting", "StudentTesting\StudentTesting.csproj", "{0EEA2819-C39C-4B5C-8695-8E3A62876DBD}"
EndProject
Project("{FAE04EC0-301F-11D3-BF4B-00C04F79EFBC}") = "NeptunTesting", "NeptunTesting\NeptunTesting.csproj", "{0F388408-D8DA-43F0-B867-B6E0848599F9}"
EndProject
Global
	GlobalSection(SolutionConfigurationPlatforms) = preSolution
		Debug|Any CPU = Debug|Any CPU
		Release|Any CPU = Release|Any CPU
	EndGlobalSection
	GlobalSection(ProjectConfigurationPlatforms) = postSolution
		{F77A3CE2-B3BF-46F6-9A42-AA00B4BB61D6}.Debug|Any CPU.ActiveCfg = Debug|Any CPU
		{F77A3CE2-B3BF-46F6-9A42-AA00B4BB61D6}.Debug|Any CPU.Build.0 = Debug|Any CPU
		{F77A3CE2-B3BF-46F6-9A42-AA00B4BB61D6}.Release|Any CPU.ActiveCfg = Release|Any CPU
		{F77A3CE2-B3BF-46F6-9A42-AA00B4BB61D6}.Release|Any CPU.Build.0 = Release|Any CPU
		{F48CB722-0C96-4059-961D-45AFDF51432B}.Debug|Any CPU.ActiveCfg = Debug|Any CPU
		{F48CB722-0C96-4059-961D-45AFDF51432B}.Debug|Any CPU.Build.0 = Debug|Any CPU
		{F48CB722-0C96-4059-961D-45AFDF51432B}.Release|Any CPU.ActiveCfg = Release|Any CPU
		{F48CB722-0C96-4059-961D-45AFDF51432B}.Release|Any CPU.Build.0 = Release|Any CPU
		{0EEA2819-C39C-4B5C-8695-8E3A62876DBD}.Debug|Any CPU.ActiveCfg = Debug|Any CPU
		{0EEA2819-C39C-4B5C-8695-8E3A62876DBD}.Debug|Any CPU.Build.0 = Debug|Any CPU
		{0EEA2819-C39C-4B5C-8695-8E3A62876DBD}.Release|Any CPU.ActiveCfg = Release|Any CPU
		{0EEA2819-C39C-4B5C-8695-8E3A62876DBD}.Release|Any CPU.Build.0 = Release|Any CPU
		{0F388408-D8DA-43F0-B867-B6E0848599F9}.Debug|Any CPU.ActiveCfg = Debug|Any CPU
		{0F388408-D8DA-43F0-B867-B6E0848599F9}.Debug|Any CPU.Build.0 = Debug|Any CPU
		{0F388408-D8DA-43F0-B867-B6E0848599F9}.Release|Any CPU.ActiveCfg = Release|Any CPU
		{0F388408-D8DA-43F0-B867-B6E0848599F9}.Release|Any CPU.Build.0 = Release|Any CPU
	EndGlobalSection
	GlobalSection(SolutionProperties) = preSolution
		HideSolutionNode = FALSE
	EndGlobalSection
	GlobalSection(ExtensibilityGlobals) = postSolution
		SolutionGuid = {7D8DE31A-0AB9-484B-88D3-E14406749C54}
	EndGlobalSection
EndGlobal
