
Microsoft Visual Studio Solution File, Format Version 12.00
# Visual Studio Version 16
VisualStudioVersion = 16.0.29009.5
MinimumVisualStudioVersion = 10.0.40219.1
Project("{FAE04EC0-301F-11D3-BF4B-00C04F79EFBC}") = "LoggerTXT", "LoggerTXT\LoggerTXT.csproj", "{5BCDD16E-DC33-4EE0-8733-54C15392E2EC}"
EndProject
Project("{FAE04EC0-301F-11D3-BF4B-00C04F79EFBC}") = "LoggerLibrary", "LoggerLibrary\LoggerLibrary.csproj", "{EDFF4BB1-E599-4BE2-B21E-D1694216568F}"
EndProject
Global
	GlobalSection(SolutionConfigurationPlatforms) = preSolution
		Debug|Any CPU = Debug|Any CPU
		Release|Any CPU = Release|Any CPU
	EndGlobalSection
	GlobalSection(ProjectConfigurationPlatforms) = postSolution
		{5BCDD16E-DC33-4EE0-8733-54C15392E2EC}.Debug|Any CPU.ActiveCfg = Debug|Any CPU
		{5BCDD16E-DC33-4EE0-8733-54C15392E2EC}.Debug|Any CPU.Build.0 = Debug|Any CPU
		{5BCDD16E-DC33-4EE0-8733-54C15392E2EC}.Release|Any CPU.ActiveCfg = Release|Any CPU
		{5BCDD16E-DC33-4EE0-8733-54C15392E2EC}.Release|Any CPU.Build.0 = Release|Any CPU
		{EDFF4BB1-E599-4BE2-B21E-D1694216568F}.Debug|Any CPU.ActiveCfg = Debug|Any CPU
		{EDFF4BB1-E599-4BE2-B21E-D1694216568F}.Debug|Any CPU.Build.0 = Debug|Any CPU
		{EDFF4BB1-E599-4BE2-B21E-D1694216568F}.Release|Any CPU.ActiveCfg = Release|Any CPU
		{EDFF4BB1-E599-4BE2-B21E-D1694216568F}.Release|Any CPU.Build.0 = Release|Any CPU
	EndGlobalSection
	GlobalSection(SolutionProperties) = preSolution
		HideSolutionNode = FALSE
	EndGlobalSection
	GlobalSection(ExtensibilityGlobals) = postSolution
		SolutionGuid = {44A8F849-BBE4-4CD4-B921-6DD2C0D84437}
	EndGlobalSection
EndGlobal
